// !$*UTF8*$!
{
	archiveVersion = 1;
	classes = {
	};
	objectVersion = 46;
	objects = {

/* Begin PBXBuildFile section */
		2FD75E601ADEFCFA00B6163E /* AppDelegate.swift in Sources */ = {isa = PBXBuildFile; fileRef = 2FD75E5F1ADEFCFA00B6163E /* AppDelegate.swift */; };
		2FD75E651ADEFCFA00B6163E /* Main.storyboard in Resources */ = {isa = PBXBuildFile; fileRef = 2FD75E631ADEFCFA00B6163E /* Main.storyboard */; };
		2FD75E671ADEFCFA00B6163E /* Images.xcassets in Resources */ = {isa = PBXBuildFile; fileRef = 2FD75E661ADEFCFA00B6163E /* Images.xcassets */; };
		2FD75E6A1ADEFCFA00B6163E /* LaunchScreen.xib in Resources */ = {isa = PBXBuildFile; fileRef = 2FD75E681ADEFCFA00B6163E /* LaunchScreen.xib */; };
		2FD75E761ADEFCFA00B6163E /* SegueBlogTests.swift in Sources */ = {isa = PBXBuildFile; fileRef = 2FD75E751ADEFCFA00B6163E /* SegueBlogTests.swift */; };
		2FD75E801ADF001900B6163E /* ViewControllers.swift in Sources */ = {isa = PBXBuildFile; fileRef = 2FD75E7F1ADF001900B6163E /* ViewControllers.swift */; };
		2FD75E821ADF038900B6163E /* UIStoryboardSegue+Extension.swift in Sources */ = {isa = PBXBuildFile; fileRef = 2FD75E811ADF038900B6163E /* UIStoryboardSegue+Extension.swift */; };
/* End PBXBuildFile section */

/* Begin PBXContainerItemProxy section */
		2FD75E701ADEFCFA00B6163E /* PBXContainerItemProxy */ = {
			isa = PBXContainerItemProxy;
			containerPortal = 2FD75E521ADEFCFA00B6163E /* Project object */;
			proxyType = 1;
			remoteGlobalIDString = 2FD75E591ADEFCFA00B6163E;
			remoteInfo = SegueBlog;
		};
/* End PBXContainerItemProxy section */

/* Begin PBXFileReference section */
		2FD75E5A1ADEFCFA00B6163E /* SegueBlog.app */ = {isa = PBXFileReference; explicitFileType = wrapper.application; includeInIndex = 0; path = SegueBlog.app; sourceTree = BUILT_PRODUCTS_DIR; };
		2FD75E5E1ADEFCFA00B6163E /* Info.plist */ = {isa = PBXFileReference; lastKnownFileType = text.plist.xml; path = Info.plist; sourceTree = "<group>"; };
		2FD75E5F1ADEFCFA00B6163E /* AppDelegate.swift */ = {isa = PBXFileReference; lastKnownFileType = sourcecode.swift; path = AppDelegate.swift; sourceTree = "<group>"; };
		2FD75E641ADEFCFA00B6163E /* Base */ = {isa = PBXFileReference; lastKnownFileType = file.storyboard; name = Base; path = Base.lproj/Main.storyboard; sourceTree = "<group>"; };
		2FD75E661ADEFCFA00B6163E /* Images.xcassets */ = {isa = PBXFileReference; lastKnownFileType = folder.assetcatalog; path = Images.xcassets; sourceTree = "<group>"; };
		2FD75E691ADEFCFA00B6163E /* Base */ = {isa = PBXFileReference; lastKnownFileType = file.xib; name = Base; path = Base.lproj/LaunchScreen.xib; sourceTree = "<group>"; };
		2FD75E6F1ADEFCFA00B6163E /* SegueBlogTests.xctest */ = {isa = PBXFileReference; explicitFileType = wrapper.cfbundle; includeInIndex = 0; path = SegueBlogTests.xctest; sourceTree = BUILT_PRODUCTS_DIR; };
		2FD75E741ADEFCFA00B6163E /* Info.plist */ = {isa = PBXFileReference; lastKnownFileType = text.plist.xml; path = Info.plist; sourceTree = "<group>"; };
		2FD75E751ADEFCFA00B6163E /* SegueBlogTests.swift */ = {isa = PBXFileReference; lastKnownFileType = sourcecode.swift; path = SegueBlogTests.swift; sourceTree = "<group>"; };
		2FD75E7F1ADF001900B6163E /* ViewControllers.swift */ = {isa = PBXFileReference; fileEncoding = 4; lastKnownFileType = sourcecode.swift; path = ViewControllers.swift; sourceTree = "<group>"; };
		2FD75E811ADF038900B6163E /* UIStoryboardSegue+Extension.swift */ = {isa = PBXFileReference; fileEncoding = 4; lastKnownFileType = sourcecode.swift; path = "UIStoryboardSegue+Extension.swift"; sourceTree = "<group>"; };
/* End PBXFileReference section */

/* Begin PBXFrameworksBuildPhase section */
		2FD75E571ADEFCFA00B6163E /* Frameworks */ = {
			isa = PBXFrameworksBuildPhase;
			buildActionMask = 2147483647;
			files = (
			);
			runOnlyForDeploymentPostprocessing = 0;
		};
		2FD75E6C1ADEFCFA00B6163E /* Frameworks */ = {
			isa = PBXFrameworksBuildPhase;
			buildActionMask = 2147483647;
			files = (
			);
			runOnlyForDeploymentPostprocessing = 0;
		};
/* End PBXFrameworksBuildPhase section */

/* Begin PBXGroup section */
		2FD75E511ADEFCFA00B6163E = {
			isa = PBXGroup;
			children = (
				2FD75E5C1ADEFCFA00B6163E /* SegueBlog */,
				2FD75E721ADEFCFA00B6163E /* SegueBlogTests */,
				2FD75E5B1ADEFCFA00B6163E /* Products */,
			);
			sourceTree = "<group>";
		};
		2FD75E5B1ADEFCFA00B6163E /* Products */ = {
			isa = PBXGroup;
			children = (
				2FD75E5A1ADEFCFA00B6163E /* SegueBlog.app */,
				2FD75E6F1ADEFCFA00B6163E /* SegueBlogTests.xctest */,
			);
			name = Products;
			sourceTree = "<group>";
		};
		2FD75E5C1ADEFCFA00B6163E /* SegueBlog */ = {
			isa = PBXGroup;
			children = (
				2FD75E5F1ADEFCFA00B6163E /* AppDelegate.swift */,
				2FD75E631ADEFCFA00B6163E /* Main.storyboard */,
				2FD75E661ADEFCFA00B6163E /* Images.xcassets */,
				2FD75E681ADEFCFA00B6163E /* LaunchScreen.xib */,
				2FD75E5D1ADEFCFA00B6163E /* Supporting Files */,
				2FD75E7F1ADF001900B6163E /* ViewControllers.swift */,
				2FD75E811ADF038900B6163E /* UIStoryboardSegue+Extension.swift */,
			);
			path = SegueBlog;
			sourceTree = "<group>";
		};
		2FD75E5D1ADEFCFA00B6163E /* Supporting Files */ = {
			isa = PBXGroup;
			children = (
				2FD75E5E1ADEFCFA00B6163E /* Info.plist */,
			);
			name = "Supporting Files";
			sourceTree = "<group>";
		};
		2FD75E721ADEFCFA00B6163E /* SegueBlogTests */ = {
			isa = PBXGroup;
			children = (
				2FD75E751ADEFCFA00B6163E /* SegueBlogTests.swift */,
				2FD75E731ADEFCFA00B6163E /* Supporting Files */,
			);
			path = SegueBlogTests;
			sourceTree = "<group>";
		};
		2FD75E731ADEFCFA00B6163E /* Supporting Files */ = {
			isa = PBXGroup;
			children = (
				2FD75E741ADEFCFA00B6163E /* Info.plist */,
			);
			name = "Supporting Files";
			sourceTree = "<group>";
		};
/* End PBXGroup section */

/* Begin PBXNativeTarget section */
		2FD75E591ADEFCFA00B6163E /* SegueBlog */ = {
			isa = PBXNativeTarget;
			buildConfigurationList = 2FD75E791ADEFCFA00B6163E /* Build configuration list for PBXNativeTarget "SegueBlog" */;
			buildPhases = (
				2FD75E561ADEFCFA00B6163E /* Sources */,
				2FD75E571ADEFCFA00B6163E /* Frameworks */,
				2FD75E581ADEFCFA00B6163E /* Resources */,
			);
			buildRules = (
			);
			dependencies = (
			);
			name = SegueBlog;
			productName = SegueBlog;
			productReference = 2FD75E5A1ADEFCFA00B6163E /* SegueBlog.app */;
			productType = "com.apple.product-type.application";
		};
		2FD75E6E1ADEFCFA00B6163E /* SegueBlogTests */ = {
			isa = PBXNativeTarget;
			buildConfigurationList = 2FD75E7C1ADEFCFA00B6163E /* Build configuration list for PBXNativeTarget "SegueBlogTests" */;
			buildPhases = (
				2FD75E6B1ADEFCFA00B6163E /* Sources */,
				2FD75E6C1ADEFCFA00B6163E /* Frameworks */,
				2FD75E6D1ADEFCFA00B6163E /* Resources */,
			);
			buildRules = (
			);
			dependencies = (
				2FD75E711ADEFCFA00B6163E /* PBXTargetDependency */,
			);
			name = SegueBlogTests;
			productName = SegueBlogTests;
			productReference = 2FD75E6F1ADEFCFA00B6163E /* SegueBlogTests.xctest */;
			productType = "com.apple.product-type.bundle.unit-test";
		};
/* End PBXNativeTarget section */

/* Begin PBXProject section */
		2FD75E521ADEFCFA00B6163E /* Project object */ = {
			isa = PBXProject;
			attributes = {
				LastUpgradeCheck = 0630;
				ORGANIZATIONNAME = Xebia;
				TargetAttributes = {
					2FD75E591ADEFCFA00B6163E = {
						CreatedOnToolsVersion = 6.3;
					};
					2FD75E6E1ADEFCFA00B6163E = {
						CreatedOnToolsVersion = 6.3;
						TestTargetID = 2FD75E591ADEFCFA00B6163E;
					};
				};
			};
			buildConfigurationList = 2FD75E551ADEFCFA00B6163E /* Build configuration list for PBXProject "SegueBlog" */;
			compatibilityVersion = "Xcode 3.2";
			developmentRegion = English;
			hasScannedForEncodings = 0;
			knownRegions = (
				en,
				Base,
			);
			mainGroup = 2FD75E511ADEFCFA00B6163E;
			productRefGroup = 2FD75E5B1ADEFCFA00B6163E /* Products */;
			projectDirPath = "";
			projectRoot = "";
			targets = (
				2FD75E591ADEFCFA00B6163E /* SegueBlog */,
				2FD75E6E1ADEFCFA00B6163E /* SegueBlogTests */,
			);
		};
/* End PBXProject section */

/* Begin PBXResourcesBuildPhase section */
		2FD75E581ADEFCFA00B6163E /* Resources */ = {
			isa = PBXResourcesBuildPhase;
			buildActionMask = 2147483647;
			files = (
				2FD75E651ADEFCFA00B6163E /* Main.storyboard in Resources */,
				2FD75E6A1ADEFCFA00B6163E /* LaunchScreen.xib in Resources */,
				2FD75E671ADEFCFA00B6163E /* Images.xcassets in Resources */,
			);
			runOnlyForDeploymentPostprocessing = 0;
		};
		2FD75E6D1ADEFCFA00B6163E /* Resources */ = {
			isa = PBXResourcesBuildPhase;
			buildActionMask = 2147483647;
			files = (
			);
			runOnlyForDeploymentPostprocessing = 0;
		};
/* End PBXResourcesBuildPhase section */

/* Begin PBXSourcesBuildPhase section */
		2FD75E561ADEFCFA00B6163E /* Sources */ = {
			isa = PBXSourcesBuildPhase;
			buildActionMask = 2147483647;
			files = (
				2FD75E801ADF001900B6163E /* ViewControllers.swift in Sources */,
				2FD75E821ADF038900B6163E /* UIStoryboardSegue+Extension.swift in Sources */,
				2FD75E601ADEFCFA00B6163E /* AppDelegate.swift in Sources */,
			);
			runOnlyForDeploymentPostprocessing = 0;
		};
		2FD75E6B1ADEFCFA00B6163E /* Sources */ = {
			isa = PBXSourcesBuildPhase;
			buildActionMask = 2147483647;
			files = (
				2FD75E761ADEFCFA00B6163E /* SegueBlogTests.swift in Sources */,
			);
			runOnlyForDeploymentPostprocessing = 0;
		};
/* End PBXSourcesBuildPhase section */

/* Begin PBXTargetDependency section */
		2FD75E711ADEFCFA00B6163E /* PBXTargetDependency */ = {
			isa = PBXTargetDependency;
			target = 2FD75E591ADEFCFA00B6163E /* SegueBlog */;
			targetProxy = 2FD75E701ADEFCFA00B6163E /* PBXContainerItemProxy */;
		};
/* End PBXTargetDependency section */

/* Begin PBXVariantGroup section */
		2FD75E631ADEFCFA00B6163E /* Main.storyboard */ = {
			isa = PBXVariantGroup;
			children = (
				2FD75E641ADEFCFA00B6163E /* Base */,
			);
			name = Main.storyboard;
			sourceTree = "<group>";
		};
		2FD75E681ADEFCFA00B6163E /* LaunchScreen.xib */ = {
			isa = PBXVariantGroup;
			children = (
				2FD75E691ADEFCFA00B6163E /* Base */,
			);
			name = LaunchScreen.xib;
			sourceTree = "<group>";
		};
/* End PBXVariantGroup section */

/* Begin XCBuildConfiguration section */
		2FD75E771ADEFCFA00B6163E /* Debug */ = {
			isa = XCBuildConfiguration;
			buildSettings = {
				ALWAYS_SEARCH_USER_PATHS = NO;
				CLANG_CXX_LANGUAGE_STANDARD = "gnu++0x";
				CLANG_CXX_LIBRARY = "libc++";
				CLANG_ENABLE_MODULES = YES;
				CLANG_ENABLE_OBJC_ARC = YES;
				CLANG_WARN_BOOL_CONVERSION = YES;
				CLANG_WARN_CONSTANT_CONVERSION = YES;
				CLANG_WARN_DIRECT_OBJC_ISA_USAGE = YES_ERROR;
				CLANG_WARN_EMPTY_BODY = YES;
				CLANG_WARN_ENUM_CONVERSION = YES;
				CLANG_WARN_INT_CONVERSION = YES;
				CLANG_WARN_OBJC_ROOT_CLASS = YES_ERROR;
				CLANG_WARN_UNREACHABLE_CODE = YES;
				CLANG_WARN__DUPLICATE_METHOD_MATCH = YES;
				"CODE_SIGN_IDENTITY[sdk=iphoneos*]" = "iPhone Developer";
				COPY_PHASE_STRIP = NO;
				DEBUG_INFORMATION_FORMAT = "dwarf-with-dsym";
				ENABLE_STRICT_OBJC_MSGSEND = YES;
				GCC_C_LANGUAGE_STANDARD = gnu99;
				GCC_DYNAMIC_NO_PIC = NO;
				GCC_NO_COMMON_BLOCKS = YES;
				GCC_OPTIMIZATION_LEVEL = 0;
				GCC_PREPROCESSOR_DEFINITIONS = (
					"DEBUG=1",
					"$(inherited)",
				);
				GCC_SYMBOLS_PRIVATE_EXTERN = NO;
				GCC_WARN_64_TO_32_BIT_CONVERSION = YES;
				GCC_WARN_ABOUT_RETURN_TYPE = YES_ERROR;
				GCC_WARN_UNDECLARED_SELECTOR = YES;
				GCC_WARN_UNINITIALIZED_AUTOS = YES_AGGRESSIVE;
				GCC_WARN_UNUSED_FUNCTION = YES;
				GCC_WARN_UNUSED_VARIABLE = YES;
				IPHONEOS_DEPLOYMENT_TARGET = 8.3;
				MTL_ENABLE_DEBUG_INFO = YES;
				ONLY_ACTIVE_ARCH = YES;
				SDKROOT = iphoneos;
				SWIFT_OPTIMIZATION_LEVEL = "-Onone";
			};
			name = Debug;
		};
		2FD75E781ADEFCFA00B6163E /* Release */ = {
			isa = XCBuildConfiguration;
			buildSettings = {
				ALWAYS_SEARCH_USER_PATHS = NO;
				CLANG_CXX_LANGUAGE_STANDARD = "gnu++0x";
				CLANG_CXX_LIBRARY = "libc++";
				CLANG_ENABLE_MODULES = YES;
				CLANG_ENABLE_OBJC_ARC = YES;
				CLANG_WARN_BOOL_CONVERSION = YES;
				CLANG_WARN_CONSTANT_CONVERSION = YES;
				CLANG_WARN_DIRECT_OBJC_ISA_USAGE = YES_ERROR;
				CLANG_WARN_EMPTY_BODY = YES;
				CLANG_WARN_ENUM_CONVERSION = YES;
				CLANG_WARN_INT_CONVERSION = YES;
				CLANG_WARN_OBJC_ROOT_CLASS = YES_ERROR;
				CLANG_WARN_UNREACHABLE_CODE = YES;
				CLANG_WARN__DUPLICATE_METHOD_MATCH = YES;
				"CODE_SIGN_IDENTITY[sdk=iphoneos*]" = "iPhone Developer";
				COPY_PHASE_STRIP = NO;
				DEBUG_INFORMATION_FORMAT = "dwarf-with-dsym";
				ENABLE_NS_ASSERTIONS = NO;
				ENABLE_STRICT_OBJC_MSGSEND = YES;
				GCC_C_LANGUAGE_STANDARD = gnu99;
				GCC_NO_COMMON_BLOCKS = YES;
				GCC_WARN_64_TO_32_BIT_CONVERSION = YES;
				GCC_WARN_ABOUT_RETURN_TYPE = YES_ERROR;
				GCC_WARN_UNDECLARED_SELECTOR = YES;
				GCC_WARN_UNINITIALIZED_AUTOS = YES_AGGRESSIVE;
				GCC_WARN_UNUSED_FUNCTION = YES;
				GCC_WARN_UNUSED_VARIABLE = YES;
				IPHONEOS_DEPLOYMENT_TARGET = 8.3;
				MTL_ENABLE_DEBUG_INFO = NO;
				SDKROOT = iphoneos;
				VALIDATE_PRODUCT = YES;
			};
			name = Release;
		};
		2FD75E7A1ADEFCFA00B6163E /* Debug */ = {
			isa = XCBuildConfiguration;
			buildSettings = {
				ASSETCATALOG_COMPILER_APPICON_NAME = AppIcon;
				INFOPLIST_FILE = SegueBlog/Info.plist;
				LD_RUNPATH_SEARCH_PATHS = "$(inherited) @executable_path/Frameworks";
				PRODUCT_NAME = "$(TARGET_NAME)";
			};
			name = Debug;
		};
		2FD75E7B1ADEFCFA00B6163E /* Release */ = {
			isa = XCBuildConfiguration;
			buildSettings = {
				ASSETCATALOG_COMPILER_APPICON_NAME = AppIcon;
				INFOPLIST_FILE = SegueBlog/Info.plist;
				LD_RUNPATH_SEARCH_PATHS = "$(inherited) @executable_path/Frameworks";
				PRODUCT_NAME = "$(TARGET_NAME)";
			};
			name = Release;
		};
		2FD75E7D1ADEFCFA00B6163E /* Debug */ = {
			isa = XCBuildConfiguration;
			buildSettings = {
				BUNDLE_LOADER = "$(TEST_HOST)";
				FRAMEWORK_SEARCH_PATHS = (
					"$(SDKROOT)/Developer/Library/Frameworks",
					"$(inherited)",
				);
				GCC_PREPROCESSOR_DEFINITIONS = (
					"DEBUG=1",
					"$(inherited)",
				);
				INFOPLIST_FILE = SegueBlogTests/Info.plist;
				LD_RUNPATH_SEARCH_PATHS = "$(inherited) @executable_path/Frameworks @loader_path/Frameworks";
				PRODUCT_NAME = "$(TARGET_NAME)";
				TEST_HOST = "$(BUILT_PRODUCTS_DIR)/SegueBlog.app/SegueBlog";
			};
			name = Debug;
		};
		2FD75E7E1ADEFCFA00B6163E /* Release */ = {
			isa = XCBuildConfiguration;
			buildSettings = {
				BUNDLE_LOADER = "$(TEST_HOST)";
				FRAMEWORK_SEARCH_PATHS = (
					"$(SDKROOT)/Developer/Library/Frameworks",
					"$(inherited)",
				);
				INFOPLIST_FILE = SegueBlogTests/Info.plist;
				LD_RUNPATH_SEARCH_PATHS = "$(inherited) @executable_path/Frameworks @loader_path/Frameworks";
				PRODUCT_NAME = "$(TARGET_NAME)";
				TEST_HOST = "$(BUILT_PRODUCTS_DIR)/SegueBlog.app/SegueBlog";
			};
			name = Release;
		};
/* End XCBuildConfiguration section */

/* Begin XCConfigurationList section */
		2FD75E551ADEFCFA00B6163E /* Build configuration list for PBXProject "SegueBlog" */ = {
			isa = XCConfigurationList;
			buildConfigurations = (
				2FD75E771ADEFCFA00B6163E /* Debug */,
				2FD75E781ADEFCFA00B6163E /* Release */,
			);
			defaultConfigurationIsVisible = 0;
			defaultConfigurationName = Release;
		};
		2FD75E791ADEFCFA00B6163E /* Build configuration list for PBXNativeTarget "SegueBlog" */ = {
			isa = XCConfigurationList;
			buildConfigurations = (
				2FD75E7A1ADEFCFA00B6163E /* Debug */,
				2FD75E7B1ADEFCFA00B6163E /* Release */,
			);
			defaultConfigurationIsVisible = 0;
		};
		2FD75E7C1ADEFCFA00B6163E /* Build configuration list for PBXNativeTarget "SegueBlogTests" */ = {
			isa = XCConfigurationList;
			buildConfigurations = (
				2FD75E7D1ADEFCFA00B6163E /* Debug */,
				2FD75E7E1ADEFCFA00B6163E /* Release */,
			);
			defaultConfigurationIsVisible = 0;
		};
/* End XCConfigurationList section */
	};
	rootObject = 2FD75E521ADEFCFA00B6163E /* Project object */;
}
